{
	"name": "@titanium/eslint-config",
	"version": "0.0.17",
	"lockfileVersion": 1,
	"requires": true,
	"dependencies": {
		"@geek/eslint-config": {
			"version": "0.0.13",
			"resolved": "https://registry.npmjs.org/@geek/eslint-config/-/eslint-config-0.0.13.tgz",
			"integrity": "sha512-/ChqR8Q1yojIxa+K3khK/sGm760PMHpAS9e7DP7qVUA1BkV/frX0PHqJLxwoo98LBGA3zxHlDguDufJ7sDfHJQ=="
		}
	}
}
